
Microsoft Visual Studio Solution File, Format Version 11.00
# Visual Studio 2010
Project("{FAE04EC0-301F-11D3-BF4B-00C04F79EFBC}") = "Winforms", "Winforms.csproj", "{C91327F3-F00C-4AF2-A818-41C4DFB824DD}"
EndProject
Global
	GlobalSection(SolutionConfigurationPlatforms) = preSolution
		Debug|x86 = Debug|x86
		Release|x86 = Release|x86
	EndGlobalSection
	GlobalSection(ProjectConfigurationPlatforms) = postSolution
		{C91327F3-F00C-4AF2-A818-41C4DFB824DD}.Debug|x86.ActiveCfg = Debug|x86
		{C91327F3-F00C-4AF2-A818-41C4DFB824DD}.Debug|x86.Build.0 = Debug|x86
		{C91327F3-F00C-4AF2-A818-41C4DFB824DD}.Release|x86.ActiveCfg = Release|x86
		{C91327F3-F00C-4AF2-A818-41C4DFB824DD}.Release|x86.Build.0 = Release|x86
	EndGlobalSection
	GlobalSection(MonoDevelopProperties) = preSolution
		StartupItem = Winforms.csproj
	EndGlobalSection
EndGlobal
